// !$*UTF8*$!
{
	archiveVersion = 1;
	classes = {
	};
	objectVersion = 56;
	objects = {

/* Begin PBXBuildFile section */
		7D2DDB372A486B8700DD5AF0 /* EditCategoryViewControllerTests.swift in Sources */ = {isa = PBXBuildFile; fileRef = 7D2DDB362A486B8700DD5AF0 /* EditCategoryViewControllerTests.swift */; };
		7D3401272A41594E006DB9B7 /* GoogleService-Info.plist in Resources */ = {isa = PBXBuildFile; fileRef = 7D3401262A41594E006DB9B7 /* GoogleService-Info.plist */; };
		7D4909972A20CC4B0092E185 /* AddCategoryViewController.swift in Sources */ = {isa = PBXBuildFile; fileRef = 7D4909962A20CC4B0092E185 /* AddCategoryViewController.swift */; };
		7D49099D2A21BAD80092E185 /* CategoryViewController.swift in Sources */ = {isa = PBXBuildFile; fileRef = 7D49099C2A21BAD80092E185 /* CategoryViewController.swift */; };
		7D49099F2A21C72F0092E185 /* Main.storyboard in Resources */ = {isa = PBXBuildFile; fileRef = 7D49099E2A21C72F0092E185 /* Main.storyboard */; };
		7D4CE7E42A1F7729007972C7 /* phoneViewController.swift in Sources */ = {isa = PBXBuildFile; fileRef = 7D4CE7E32A1F7729007972C7 /* phoneViewController.swift */; };
		7D4CE7E62A1F7739007972C7 /* otpViewController.swift in Sources */ = {isa = PBXBuildFile; fileRef = 7D4CE7E52A1F7739007972C7 /* otpViewController.swift */; };
		7D4CE7EB2A1F7781007972C7 /* images.xcassets in Resources */ = {isa = PBXBuildFile; fileRef = 7D4CE7EA2A1F7781007972C7 /* images.xcassets */; };
		7D4CE7ED2A1F7E03007972C7 /* AuthManager.swift in Sources */ = {isa = PBXBuildFile; fileRef = 7D4CE7EC2A1F7E03007972C7 /* AuthManager.swift */; };
		7D550ED62A4318BB00A597EC /* expenseManagerUnitTests.swift in Sources */ = {isa = PBXBuildFile; fileRef = 7D550ED52A4318BB00A597EC /* expenseManagerUnitTests.swift */; };
		7D5CAEF92A2755E700B08204 /* EditCategoryViewController.swift in Sources */ = {isa = PBXBuildFile; fileRef = 7D5CAEF82A2755E700B08204 /* EditCategoryViewController.swift */; };
		7D8E91522A305AC70092DB61 /* KeyboardHelper.swift in Sources */ = {isa = PBXBuildFile; fileRef = 7D8E91512A305AC70092DB61 /* KeyboardHelper.swift */; };
		7D8E91552A3097100092DB61 /* AlertHelper.swift in Sources */ = {isa = PBXBuildFile; fileRef = 7D8E91542A3097100092DB61 /* AlertHelper.swift */; };
		7D8E91572A30A52C0092DB61 /* LoaderViewHelper.swift in Sources */ = {isa = PBXBuildFile; fileRef = 7D8E91562A30A52C0092DB61 /* LoaderViewHelper.swift */; };
		7D8E91592A30A89C0092DB61 /* ImageHelper.swift in Sources */ = {isa = PBXBuildFile; fileRef = 7D8E91582A30A89C0092DB61 /* ImageHelper.swift */; };
		7D8E915D2A3190820092DB61 /* ModelHelper.swift in Sources */ = {isa = PBXBuildFile; fileRef = 7D8E915C2A3190820092DB61 /* ModelHelper.swift */; };
		7D8E91622A3304350092DB61 /* CategoryViewController+Extension.swift in Sources */ = {isa = PBXBuildFile; fileRef = 7D8E91612A3304350092DB61 /* CategoryViewController+Extension.swift */; };
		7D8E91642A3305600092DB61 /* ParticularExpenseViewController+Extension.swift in Sources */ = {isa = PBXBuildFile; fileRef = 7D8E91632A3305600092DB61 /* ParticularExpenseViewController+Extension.swift */; };
		7D8E91662A331F0B0092DB61 /* EditExpenseViewController+Extension.swift in Sources */ = {isa = PBXBuildFile; fileRef = 7D8E91652A331F0B0092DB61 /* EditExpenseViewController+Extension.swift */; };
		7D8E91682A3326F90092DB61 /* EditCategoryViewController+Extension.swift in Sources */ = {isa = PBXBuildFile; fileRef = 7D8E91672A3326F90092DB61 /* EditCategoryViewController+Extension.swift */; };
		7D8E916A2A332EAD0092DB61 /* AddCategoryViewController+Extension.swift in Sources */ = {isa = PBXBuildFile; fileRef = 7D8E91692A332EAD0092DB61 /* AddCategoryViewController+Extension.swift */; };
		7D8E91882A3464850092DB61 /* CornerRadiusHelper.swift in Sources */ = {isa = PBXBuildFile; fileRef = 7D8E91872A3464850092DB61 /* CornerRadiusHelper.swift */; };
		7D9B85DB2A25BA2E0007DA77 /* EditExpenseViewController.swift in Sources */ = {isa = PBXBuildFile; fileRef = 7D9B85DA2A25BA2E0007DA77 /* EditExpenseViewController.swift */; };
		7D9B85DD2A25CB7A0007DA77 /* ParticularExpenseTableViewCell.swift in Sources */ = {isa = PBXBuildFile; fileRef = 7D9B85DC2A25CB7A0007DA77 /* ParticularExpenseTableViewCell.swift */; };
		7D9B85DF2A25CCB60007DA77 /* ParticularExpenseViewController.swift in Sources */ = {isa = PBXBuildFile; fileRef = 7D9B85DE2A25CCB60007DA77 /* ParticularExpenseViewController.swift */; };
		7D9EE98A2A2091D900C1440A /* CustomTableViewCell.swift in Sources */ = {isa = PBXBuildFile; fileRef = 7D9EE9892A2091D900C1440A /* CustomTableViewCell.swift */; };
		7DA6CE4F2A56C1460096B655 /* Message.swift in Sources */ = {isa = PBXBuildFile; fileRef = 7DA6CE4E2A56C1460096B655 /* Message.swift */; };
		7DC5648C2A46CAA0003D24C6 /* Main.storyboard in Resources */ = {isa = PBXBuildFile; fileRef = 7D49099E2A21C72F0092E185 /* Main.storyboard */; };
		7DC5648D2A46CAA1003D24C6 /* Main.storyboard in Resources */ = {isa = PBXBuildFile; fileRef = 7D49099E2A21C72F0092E185 /* Main.storyboard */; };
		7DC5648F2A4820A2003D24C6 /* CategoryViewControllerTest.swift in Sources */ = {isa = PBXBuildFile; fileRef = 7DC5648E2A4820A2003D24C6 /* CategoryViewControllerTest.swift */; };
		7DE14EB02A1F7555002E29E1 /* AppDelegate.swift in Sources */ = {isa = PBXBuildFile; fileRef = 7DE14EAF2A1F7555002E29E1 /* AppDelegate.swift */; };
		7DE14EB22A1F7555002E29E1 /* SceneDelegate.swift in Sources */ = {isa = PBXBuildFile; fileRef = 7DE14EB12A1F7555002E29E1 /* SceneDelegate.swift */; };
		7DE14EB42A1F7555002E29E1 /* ViewController.swift in Sources */ = {isa = PBXBuildFile; fileRef = 7DE14EB32A1F7555002E29E1 /* ViewController.swift */; };
		7DE14EBC2A1F7556002E29E1 /* Assets.xcassets in Resources */ = {isa = PBXBuildFile; fileRef = 7DE14EBB2A1F7556002E29E1 /* Assets.xcassets */; };
		7DE14EBF2A1F7556002E29E1 /* LaunchScreen.storyboard in Resources */ = {isa = PBXBuildFile; fileRef = 7DE14EBD2A1F7556002E29E1 /* LaunchScreen.storyboard */; };
		7DF7DDA32A2DBCE300A90FBD /* expenseManager.xcdatamodeld in Sources */ = {isa = PBXBuildFile; fileRef = 7DF7DDA12A2DBCE300A90FBD /* expenseManager.xcdatamodeld */; };
		D85FDA34151F14C36A52DD18 /* Pods_expenseManager.framework in Frameworks */ = {isa = PBXBuildFile; fileRef = 848639A2F769EEF1A95F14A4 /* Pods_expenseManager.framework */; };
/* End PBXBuildFile section */

/* Begin PBXContainerItemProxy section */
		7D550ECA2A43186000A597EC /* PBXContainerItemProxy */ = {
			isa = PBXContainerItemProxy;
			containerPortal = 7DE14EA42A1F7555002E29E1 /* Project object */;
			proxyType = 1;
			remoteGlobalIDString = 7DE14EAB2A1F7555002E29E1;
			remoteInfo = expenseManager;
		};
		7D550ED72A4318BB00A597EC /* PBXContainerItemProxy */ = {
			isa = PBXContainerItemProxy;
			containerPortal = 7DE14EA42A1F7555002E29E1 /* Project object */;
			proxyType = 1;
			remoteGlobalIDString = 7DE14EAB2A1F7555002E29E1;
			remoteInfo = expenseManager;
		};
/* End PBXContainerItemProxy section */

/* Begin PBXFileReference section */
		7D2DDB362A486B8700DD5AF0 /* EditCategoryViewControllerTests.swift */ = {isa = PBXFileReference; lastKnownFileType = sourcecode.swift; path = EditCategoryViewControllerTests.swift; sourceTree = "<group>"; };
		7D3401262A41594E006DB9B7 /* GoogleService-Info.plist */ = {isa = PBXFileReference; fileEncoding = 4; lastKnownFileType = text.plist.xml; path = "GoogleService-Info.plist"; sourceTree = "<group>"; };
		7D4909962A20CC4B0092E185 /* AddCategoryViewController.swift */ = {isa = PBXFileReference; lastKnownFileType = sourcecode.swift; path = AddCategoryViewController.swift; sourceTree = "<group>"; };
		7D49099C2A21BAD80092E185 /* CategoryViewController.swift */ = {isa = PBXFileReference; lastKnownFileType = sourcecode.swift; path = CategoryViewController.swift; sourceTree = "<group>"; };
		7D49099E2A21C72F0092E185 /* Main.storyboard */ = {isa = PBXFileReference; fileEncoding = 4; lastKnownFileType = file.storyboard; path = Main.storyboard; sourceTree = "<group>"; };
		7D4CE7E32A1F7729007972C7 /* phoneViewController.swift */ = {isa = PBXFileReference; lastKnownFileType = sourcecode.swift; path = phoneViewController.swift; sourceTree = "<group>"; };
		7D4CE7E52A1F7739007972C7 /* otpViewController.swift */ = {isa = PBXFileReference; lastKnownFileType = sourcecode.swift; path = otpViewController.swift; sourceTree = "<group>"; };
		7D4CE7EA2A1F7781007972C7 /* images.xcassets */ = {isa = PBXFileReference; lastKnownFileType = folder.assetcatalog; path = images.xcassets; sourceTree = "<group>"; };
		7D4CE7EC2A1F7E03007972C7 /* AuthManager.swift */ = {isa = PBXFileReference; fileEncoding = 4; lastKnownFileType = sourcecode.swift; path = AuthManager.swift; sourceTree = "<group>"; };
		7D550EC42A43186000A597EC /* expenseManagerUITests.xctest */ = {isa = PBXFileReference; explicitFileType = wrapper.cfbundle; includeInIndex = 0; path = expenseManagerUITests.xctest; sourceTree = BUILT_PRODUCTS_DIR; };
		7D550ED32A4318BB00A597EC /* expenseManagerUnitTests.xctest */ = {isa = PBXFileReference; explicitFileType = wrapper.cfbundle; includeInIndex = 0; path = expenseManagerUnitTests.xctest; sourceTree = BUILT_PRODUCTS_DIR; };
		7D550ED52A4318BB00A597EC /* expenseManagerUnitTests.swift */ = {isa = PBXFileReference; lastKnownFileType = sourcecode.swift; path = expenseManagerUnitTests.swift; sourceTree = "<group>"; };
		7D5CAEF82A2755E700B08204 /* EditCategoryViewController.swift */ = {isa = PBXFileReference; lastKnownFileType = sourcecode.swift; path = EditCategoryViewController.swift; sourceTree = "<group>"; };
		7D8E91512A305AC70092DB61 /* KeyboardHelper.swift */ = {isa = PBXFileReference; lastKnownFileType = sourcecode.swift; path = KeyboardHelper.swift; sourceTree = "<group>"; };
		7D8E91542A3097100092DB61 /* AlertHelper.swift */ = {isa = PBXFileReference; lastKnownFileType = sourcecode.swift; path = AlertHelper.swift; sourceTree = "<group>"; };
		7D8E91562A30A52C0092DB61 /* LoaderViewHelper.swift */ = {isa = PBXFileReference; lastKnownFileType = sourcecode.swift; path = LoaderViewHelper.swift; sourceTree = "<group>"; };
		7D8E91582A30A89C0092DB61 /* ImageHelper.swift */ = {isa = PBXFileReference; lastKnownFileType = sourcecode.swift; path = ImageHelper.swift; sourceTree = "<group>"; };
		7D8E915C2A3190820092DB61 /* ModelHelper.swift */ = {isa = PBXFileReference; lastKnownFileType = sourcecode.swift; path = ModelHelper.swift; sourceTree = "<group>"; };
		7D8E91612A3304350092DB61 /* CategoryViewController+Extension.swift */ = {isa = PBXFileReference; lastKnownFileType = sourcecode.swift; path = "CategoryViewController+Extension.swift"; sourceTree = "<group>"; };
		7D8E91632A3305600092DB61 /* ParticularExpenseViewController+Extension.swift */ = {isa = PBXFileReference; lastKnownFileType = sourcecode.swift; path = "ParticularExpenseViewController+Extension.swift"; sourceTree = "<group>"; };
		7D8E91652A331F0B0092DB61 /* EditExpenseViewController+Extension.swift */ = {isa = PBXFileReference; lastKnownFileType = sourcecode.swift; path = "EditExpenseViewController+Extension.swift"; sourceTree = "<group>"; };
		7D8E91672A3326F90092DB61 /* EditCategoryViewController+Extension.swift */ = {isa = PBXFileReference; lastKnownFileType = sourcecode.swift; path = "EditCategoryViewController+Extension.swift"; sourceTree = "<group>"; };
		7D8E91692A332EAD0092DB61 /* AddCategoryViewController+Extension.swift */ = {isa = PBXFileReference; lastKnownFileType = sourcecode.swift; path = "AddCategoryViewController+Extension.swift"; sourceTree = "<group>"; };
		7D8E91872A3464850092DB61 /* CornerRadiusHelper.swift */ = {isa = PBXFileReference; lastKnownFileType = sourcecode.swift; path = CornerRadiusHelper.swift; sourceTree = "<group>"; };
		7D9B85DA2A25BA2E0007DA77 /* EditExpenseViewController.swift */ = {isa = PBXFileReference; lastKnownFileType = sourcecode.swift; path = EditExpenseViewController.swift; sourceTree = "<group>"; };
		7D9B85DC2A25CB7A0007DA77 /* ParticularExpenseTableViewCell.swift */ = {isa = PBXFileReference; lastKnownFileType = sourcecode.swift; path = ParticularExpenseTableViewCell.swift; sourceTree = "<group>"; };
		7D9B85DE2A25CCB60007DA77 /* ParticularExpenseViewController.swift */ = {isa = PBXFileReference; lastKnownFileType = sourcecode.swift; path = ParticularExpenseViewController.swift; sourceTree = "<group>"; };
		7D9EE9892A2091D900C1440A /* CustomTableViewCell.swift */ = {isa = PBXFileReference; lastKnownFileType = sourcecode.swift; path = CustomTableViewCell.swift; sourceTree = "<group>"; };
		7DA6CE4E2A56C1460096B655 /* Message.swift */ = {isa = PBXFileReference; lastKnownFileType = sourcecode.swift; path = Message.swift; sourceTree = "<group>"; };
		7DC5648E2A4820A2003D24C6 /* CategoryViewControllerTest.swift */ = {isa = PBXFileReference; lastKnownFileType = sourcecode.swift; path = CategoryViewControllerTest.swift; sourceTree = "<group>"; };
		7DE14EAC2A1F7555002E29E1 /* expenseManager.app */ = {isa = PBXFileReference; explicitFileType = wrapper.application; includeInIndex = 0; path = expenseManager.app; sourceTree = BUILT_PRODUCTS_DIR; };
		7DE14EAF2A1F7555002E29E1 /* AppDelegate.swift */ = {isa = PBXFileReference; lastKnownFileType = sourcecode.swift; path = AppDelegate.swift; sourceTree = "<group>"; };
		7DE14EB12A1F7555002E29E1 /* SceneDelegate.swift */ = {isa = PBXFileReference; lastKnownFileType = sourcecode.swift; path = SceneDelegate.swift; sourceTree = "<group>"; };
		7DE14EB32A1F7555002E29E1 /* ViewController.swift */ = {isa = PBXFileReference; lastKnownFileType = sourcecode.swift; path = ViewController.swift; sourceTree = "<group>"; };
		7DE14EBB2A1F7556002E29E1 /* Assets.xcassets */ = {isa = PBXFileReference; lastKnownFileType = folder.assetcatalog; path = Assets.xcassets; sourceTree = "<group>"; };
		7DE14EBE2A1F7556002E29E1 /* Base */ = {isa = PBXFileReference; lastKnownFileType = file.storyboard; name = Base; path = Base.lproj/LaunchScreen.storyboard; sourceTree = "<group>"; };
		7DE14EC02A1F7556002E29E1 /* Info.plist */ = {isa = PBXFileReference; lastKnownFileType = text.plist.xml; path = Info.plist; sourceTree = "<group>"; };
		7DF7DDA22A2DBCE300A90FBD /* expenseManager.xcdatamodel */ = {isa = PBXFileReference; lastKnownFileType = wrapper.xcdatamodel; path = expenseManager.xcdatamodel; sourceTree = "<group>"; };
		848639A2F769EEF1A95F14A4 /* Pods_expenseManager.framework */ = {isa = PBXFileReference; explicitFileType = wrapper.framework; includeInIndex = 0; path = Pods_expenseManager.framework; sourceTree = BUILT_PRODUCTS_DIR; };
		BA68F20D0C11494352D11A75 /* Pods-expenseManager.release.xcconfig */ = {isa = PBXFileReference; includeInIndex = 1; lastKnownFileType = text.xcconfig; name = "Pods-expenseManager.release.xcconfig"; path = "Target Support Files/Pods-expenseManager/Pods-expenseManager.release.xcconfig"; sourceTree = "<group>"; };
		C6044E47986FAEAC6127F2AC /* Pods-expenseManager.debug.xcconfig */ = {isa = PBXFileReference; includeInIndex = 1; lastKnownFileType = text.xcconfig; name = "Pods-expenseManager.debug.xcconfig"; path = "Target Support Files/Pods-expenseManager/Pods-expenseManager.debug.xcconfig"; sourceTree = "<group>"; };
/* End PBXFileReference section */

/* Begin PBXFrameworksBuildPhase section */
		7D550EC12A43186000A597EC /* Frameworks */ = {
			isa = PBXFrameworksBuildPhase;
			buildActionMask = 2147483647;
			files = (
			);
			runOnlyForDeploymentPostprocessing = 0;
		};
		7D550ED02A4318BB00A597EC /* Frameworks */ = {
			isa = PBXFrameworksBuildPhase;
			buildActionMask = 2147483647;
			files = (
			);
			runOnlyForDeploymentPostprocessing = 0;
		};
		7DE14EA92A1F7555002E29E1 /* Frameworks */ = {
			isa = PBXFrameworksBuildPhase;
			buildActionMask = 2147483647;
			files = (
				D85FDA34151F14C36A52DD18 /* Pods_expenseManager.framework in Frameworks */,
			);
			runOnlyForDeploymentPostprocessing = 0;
		};
/* End PBXFrameworksBuildPhase section */

/* Begin PBXGroup section */
		12B24925C8478C83F2CA7372 /* Frameworks */ = {
			isa = PBXGroup;
			children = (
				848639A2F769EEF1A95F14A4 /* Pods_expenseManager.framework */,
			);
			name = Frameworks;
			sourceTree = "<group>";
		};
		7D4CE7E22A1F770E007972C7 /* ViewController */ = {
			isa = PBXGroup;
			children = (
				7DE14EB32A1F7555002E29E1 /* ViewController.swift */,
				7D4CE7E32A1F7729007972C7 /* phoneViewController.swift */,
				7D4CE7E52A1F7739007972C7 /* otpViewController.swift */,
				7D4909962A20CC4B0092E185 /* AddCategoryViewController.swift */,
				7D49099C2A21BAD80092E185 /* CategoryViewController.swift */,
				7D9B85DA2A25BA2E0007DA77 /* EditExpenseViewController.swift */,
				7D9B85DE2A25CCB60007DA77 /* ParticularExpenseViewController.swift */,
				7D5CAEF82A2755E700B08204 /* EditCategoryViewController.swift */,
			);
			path = ViewController;
			sourceTree = "<group>";
		};
		7D4CE7E92A1F776A007972C7 /* Utlis */ = {
			isa = PBXGroup;
			children = (
				7D9EE9892A2091D900C1440A /* CustomTableViewCell.swift */,
				7D9B85DC2A25CB7A0007DA77 /* ParticularExpenseTableViewCell.swift */,
				7D4CE7EA2A1F7781007972C7 /* images.xcassets */,
				7D8E91872A3464850092DB61 /* CornerRadiusHelper.swift */,
			);
			path = Utlis;
			sourceTree = "<group>";
		};
		7D550ED42A4318BB00A597EC /* expenseManagerUnitTests */ = {
			isa = PBXGroup;
			children = (
				7D550ED52A4318BB00A597EC /* expenseManagerUnitTests.swift */,
				7DC5648E2A4820A2003D24C6 /* CategoryViewControllerTest.swift */,
				7D2DDB362A486B8700DD5AF0 /* EditCategoryViewControllerTests.swift */,
			);
			path = expenseManagerUnitTests;
			sourceTree = "<group>";
		};
		7D8E91532A3096E50092DB61 /* Helper Function */ = {
			isa = PBXGroup;
			children = (
				7D8E91512A305AC70092DB61 /* KeyboardHelper.swift */,
				7D8E91542A3097100092DB61 /* AlertHelper.swift */,
				7D8E91562A30A52C0092DB61 /* LoaderViewHelper.swift */,
				7D8E91582A30A89C0092DB61 /* ImageHelper.swift */,
				7D8E915C2A3190820092DB61 /* ModelHelper.swift */,
				7DA6CE4E2A56C1460096B655 /* Message.swift */,
			);
			path = "Helper Function";
			sourceTree = "<group>";
		};
		7D8E91602A3304070092DB61 /* Extension Helper */ = {
			isa = PBXGroup;
			children = (
				7D8E91612A3304350092DB61 /* CategoryViewController+Extension.swift */,
				7D8E91632A3305600092DB61 /* ParticularExpenseViewController+Extension.swift */,
				7D8E91652A331F0B0092DB61 /* EditExpenseViewController+Extension.swift */,
				7D8E91672A3326F90092DB61 /* EditCategoryViewController+Extension.swift */,
				7D8E91692A332EAD0092DB61 /* AddCategoryViewController+Extension.swift */,
			);
			path = "Extension Helper";
			sourceTree = "<group>";
		};
		7DE14EA32A1F7555002E29E1 = {
			isa = PBXGroup;
			children = (
				7DE14EAE2A1F7555002E29E1 /* expenseManager */,
				7D550ED42A4318BB00A597EC /* expenseManagerUnitTests */,
				7DE14EAD2A1F7555002E29E1 /* Products */,
				ADB2E5551E8518690BD9B350 /* Pods */,
				12B24925C8478C83F2CA7372 /* Frameworks */,
			);
			sourceTree = "<group>";
		};
		7DE14EAD2A1F7555002E29E1 /* Products */ = {
			isa = PBXGroup;
			children = (
				7DE14EAC2A1F7555002E29E1 /* expenseManager.app */,
				7D550EC42A43186000A597EC /* expenseManagerUITests.xctest */,
				7D550ED32A4318BB00A597EC /* expenseManagerUnitTests.xctest */,
			);
			name = Products;
			sourceTree = "<group>";
		};
		7DE14EAE2A1F7555002E29E1 /* expenseManager */ = {
			isa = PBXGroup;
			children = (
				7D8E91602A3304070092DB61 /* Extension Helper */,
				7D8E91532A3096E50092DB61 /* Helper Function */,
				7D4CE7E92A1F776A007972C7 /* Utlis */,
				7D4CE7E22A1F770E007972C7 /* ViewController */,
				7D4CE7EC2A1F7E03007972C7 /* AuthManager.swift */,
				7DE14EAF2A1F7555002E29E1 /* AppDelegate.swift */,
				7DE14EB12A1F7555002E29E1 /* SceneDelegate.swift */,
				7DE14EBB2A1F7556002E29E1 /* Assets.xcassets */,
				7D49099E2A21C72F0092E185 /* Main.storyboard */,
				7DE14EBD2A1F7556002E29E1 /* LaunchScreen.storyboard */,
				7DF7DDA12A2DBCE300A90FBD /* expenseManager.xcdatamodeld */,
				7D3401262A41594E006DB9B7 /* GoogleService-Info.plist */,
				7DE14EC02A1F7556002E29E1 /* Info.plist */,
			);
			path = expenseManager;
			sourceTree = "<group>";
		};
		ADB2E5551E8518690BD9B350 /* Pods */ = {
			isa = PBXGroup;
			children = (
				C6044E47986FAEAC6127F2AC /* Pods-expenseManager.debug.xcconfig */,
				BA68F20D0C11494352D11A75 /* Pods-expenseManager.release.xcconfig */,
			);
			path = Pods;
			sourceTree = "<group>";
		};
/* End PBXGroup section */

/* Begin PBXNativeTarget section */
		7D550EC32A43186000A597EC /* expenseManagerUITests */ = {
			isa = PBXNativeTarget;
			buildConfigurationList = 7D550ECE2A43186000A597EC /* Build configuration list for PBXNativeTarget "expenseManagerUITests" */;
			buildPhases = (
				7D550EC02A43186000A597EC /* Sources */,
				7D550EC12A43186000A597EC /* Frameworks */,
				7D550EC22A43186000A597EC /* Resources */,
			);
			buildRules = (
			);
			dependencies = (
				7D550ECB2A43186000A597EC /* PBXTargetDependency */,
			);
			name = expenseManagerUITests;
			productName = expenseManagerUITests;
			productReference = 7D550EC42A43186000A597EC /* expenseManagerUITests.xctest */;
			productType = "com.apple.product-type.bundle.ui-testing";
		};
		7D550ED22A4318BB00A597EC /* expenseManagerUnitTests */ = {
			isa = PBXNativeTarget;
			buildConfigurationList = 7D550ED92A4318BB00A597EC /* Build configuration list for PBXNativeTarget "expenseManagerUnitTests" */;
			buildPhases = (
				7D550ECF2A4318BB00A597EC /* Sources */,
				7D550ED02A4318BB00A597EC /* Frameworks */,
				7D550ED12A4318BB00A597EC /* Resources */,
			);
			buildRules = (
			);
			dependencies = (
				7D550ED82A4318BB00A597EC /* PBXTargetDependency */,
			);
			name = expenseManagerUnitTests;
			productName = expenseManagerUnitTests;
			productReference = 7D550ED32A4318BB00A597EC /* expenseManagerUnitTests.xctest */;
			productType = "com.apple.product-type.bundle.unit-test";
		};
		7DE14EAB2A1F7555002E29E1 /* expenseManager */ = {
			isa = PBXNativeTarget;
			buildConfigurationList = 7DE14EC32A1F7556002E29E1 /* Build configuration list for PBXNativeTarget "expenseManager" */;
			buildPhases = (
				1F850508F823E0A53892CB64 /* [CP] Check Pods Manifest.lock */,
				7DE14EA82A1F7555002E29E1 /* Sources */,
				7DE14EA92A1F7555002E29E1 /* Frameworks */,
				7DE14EAA2A1F7555002E29E1 /* Resources */,
				562D6AE0C1152C350F1B3F20 /* [CP] Embed Pods Frameworks */,
			);
			buildRules = (
			);
			dependencies = (
			);
			name = expenseManager;
			productName = expenseManager;
			productReference = 7DE14EAC2A1F7555002E29E1 /* expenseManager.app */;
			productType = "com.apple.product-type.application";
		};
/* End PBXNativeTarget section */

/* Begin PBXProject section */
		7DE14EA42A1F7555002E29E1 /* Project object */ = {
			isa = PBXProject;
			attributes = {
				BuildIndependentTargetsInParallel = 1;
				LastSwiftUpdateCheck = 1430;
				LastUpgradeCheck = 1430;
				TargetAttributes = {
					7D550EC32A43186000A597EC = {
						CreatedOnToolsVersion = 14.3.1;
						TestTargetID = 7DE14EAB2A1F7555002E29E1;
					};
					7D550ED22A4318BB00A597EC = {
						CreatedOnToolsVersion = 14.3.1;
						TestTargetID = 7DE14EAB2A1F7555002E29E1;
					};
					7DE14EAB2A1F7555002E29E1 = {
						CreatedOnToolsVersion = 14.3;
					};
				};
			};
			buildConfigurationList = 7DE14EA72A1F7555002E29E1 /* Build configuration list for PBXProject "expenseManager" */;
			compatibilityVersion = "Xcode 14.0";
			developmentRegion = en;
			hasScannedForEncodings = 0;
			knownRegions = (
				en,
				Base,
			);
			mainGroup = 7DE14EA32A1F7555002E29E1;
			productRefGroup = 7DE14EAD2A1F7555002E29E1 /* Products */;
			projectDirPath = "";
			projectRoot = "";
			targets = (
				7DE14EAB2A1F7555002E29E1 /* expenseManager */,
				7D550EC32A43186000A597EC /* expenseManagerUITests */,
				7D550ED22A4318BB00A597EC /* expenseManagerUnitTests */,
			);
		};
/* End PBXProject section */

/* Begin PBXResourcesBuildPhase section */
		7D550EC22A43186000A597EC /* Resources */ = {
			isa = PBXResourcesBuildPhase;
			buildActionMask = 2147483647;
			files = (
				7DC5648C2A46CAA0003D24C6 /* Main.storyboard in Resources */,
			);
			runOnlyForDeploymentPostprocessing = 0;
		};
		7D550ED12A4318BB00A597EC /* Resources */ = {
			isa = PBXResourcesBuildPhase;
			buildActionMask = 2147483647;
			files = (
				7DC5648D2A46CAA1003D24C6 /* Main.storyboard in Resources */,
			);
			runOnlyForDeploymentPostprocessing = 0;
		};
		7DE14EAA2A1F7555002E29E1 /* Resources */ = {
			isa = PBXResourcesBuildPhase;
			buildActionMask = 2147483647;
			files = (
				7DE14EBF2A1F7556002E29E1 /* LaunchScreen.storyboard in Resources */,
				7D49099F2A21C72F0092E185 /* Main.storyboard in Resources */,
				7D3401272A41594E006DB9B7 /* GoogleService-Info.plist in Resources */,
				7DE14EBC2A1F7556002E29E1 /* Assets.xcassets in Resources */,
				7D4CE7EB2A1F7781007972C7 /* images.xcassets in Resources */,
			);
			runOnlyForDeploymentPostprocessing = 0;
		};
/* End PBXResourcesBuildPhase section */

/* Begin PBXShellScriptBuildPhase section */
		1F850508F823E0A53892CB64 /* [CP] Check Pods Manifest.lock */ = {
			isa = PBXShellScriptBuildPhase;
			buildActionMask = 2147483647;
			files = (
			);
			inputFileListPaths = (
			);
			inputPaths = (
				"${PODS_PODFILE_DIR_PATH}/Podfile.lock",
				"${PODS_ROOT}/Manifest.lock",
			);
			name = "[CP] Check Pods Manifest.lock";
			outputFileListPaths = (
			);
			outputPaths = (
				"$(DERIVED_FILE_DIR)/Pods-expenseManager-checkManifestLockResult.txt",
			);
			runOnlyForDeploymentPostprocessing = 0;
			shellPath = /bin/sh;
			shellScript = "diff \"${PODS_PODFILE_DIR_PATH}/Podfile.lock\" \"${PODS_ROOT}/Manifest.lock\" > /dev/null\nif [ $? != 0 ] ; then\n    # print error to STDERR\n    echo \"error: The sandbox is not in sync with the Podfile.lock. Run 'pod install' or update your CocoaPods installation.\" >&2\n    exit 1\nfi\n# This output is used by Xcode 'outputs' to avoid re-running this script phase.\necho \"SUCCESS\" > \"${SCRIPT_OUTPUT_FILE_0}\"\n";
			showEnvVarsInLog = 0;
		};
		562D6AE0C1152C350F1B3F20 /* [CP] Embed Pods Frameworks */ = {
			isa = PBXShellScriptBuildPhase;
			buildActionMask = 2147483647;
			files = (
			);
			inputFileListPaths = (
				"${PODS_ROOT}/Target Support Files/Pods-expenseManager/Pods-expenseManager-frameworks-${CONFIGURATION}-input-files.xcfilelist",
			);
			name = "[CP] Embed Pods Frameworks";
			outputFileListPaths = (
				"${PODS_ROOT}/Target Support Files/Pods-expenseManager/Pods-expenseManager-frameworks-${CONFIGURATION}-output-files.xcfilelist",
			);
			runOnlyForDeploymentPostprocessing = 0;
			shellPath = /bin/sh;
			shellScript = "\"${PODS_ROOT}/Target Support Files/Pods-expenseManager/Pods-expenseManager-frameworks.sh\"\n";
			showEnvVarsInLog = 0;
		};
/* End PBXShellScriptBuildPhase section */

/* Begin PBXSourcesBuildPhase section */
		7D550EC02A43186000A597EC /* Sources */ = {
			isa = PBXSourcesBuildPhase;
			buildActionMask = 2147483647;
			files = (
			);
			runOnlyForDeploymentPostprocessing = 0;
		};
		7D550ECF2A4318BB00A597EC /* Sources */ = {
			isa = PBXSourcesBuildPhase;
			buildActionMask = 2147483647;
			files = (
				7D2DDB372A486B8700DD5AF0 /* EditCategoryViewControllerTests.swift in Sources */,
				7DC5648F2A4820A2003D24C6 /* CategoryViewControllerTest.swift in Sources */,
				7D550ED62A4318BB00A597EC /* expenseManagerUnitTests.swift in Sources */,
			);
			runOnlyForDeploymentPostprocessing = 0;
		};
		7DE14EA82A1F7555002E29E1 /* Sources */ = {
			isa = PBXSourcesBuildPhase;
			buildActionMask = 2147483647;
			files = (
				7DF7DDA32A2DBCE300A90FBD /* expenseManager.xcdatamodeld in Sources */,
				7D8E91552A3097100092DB61 /* AlertHelper.swift in Sources */,
				7D9B85DB2A25BA2E0007DA77 /* EditExpenseViewController.swift in Sources */,
				7D9B85DD2A25CB7A0007DA77 /* ParticularExpenseTableViewCell.swift in Sources */,
				7D8E916A2A332EAD0092DB61 /* AddCategoryViewController+Extension.swift in Sources */,
				7D9EE98A2A2091D900C1440A /* CustomTableViewCell.swift in Sources */,
				7D4CE7ED2A1F7E03007972C7 /* AuthManager.swift in Sources */,
				7DE14EB42A1F7555002E29E1 /* ViewController.swift in Sources */,
				7D49099D2A21BAD80092E185 /* CategoryViewController.swift in Sources */,
				7DA6CE4F2A56C1460096B655 /* Message.swift in Sources */,
				7D8E91662A331F0B0092DB61 /* EditExpenseViewController+Extension.swift in Sources */,
				7DE14EB02A1F7555002E29E1 /* AppDelegate.swift in Sources */,
				7D8E91882A3464850092DB61 /* CornerRadiusHelper.swift in Sources */,
				7D4CE7E42A1F7729007972C7 /* phoneViewController.swift in Sources */,
				7D8E91592A30A89C0092DB61 /* ImageHelper.swift in Sources */,
				7D4CE7E62A1F7739007972C7 /* otpViewController.swift in Sources */,
				7D8E91682A3326F90092DB61 /* EditCategoryViewController+Extension.swift in Sources */,
				7D8E91572A30A52C0092DB61 /* LoaderViewHelper.swift in Sources */,
				7D8E91642A3305600092DB61 /* ParticularExpenseViewController+Extension.swift in Sources */,
				7D8E91522A305AC70092DB61 /* KeyboardHelper.swift in Sources */,
				7D9B85DF2A25CCB60007DA77 /* ParticularExpenseViewController.swift in Sources */,
				7D8E91622A3304350092DB61 /* CategoryViewController+Extension.swift in Sources */,
				7D5CAEF92A2755E700B08204 /* EditCategoryViewController.swift in Sources */,
				7DE14EB22A1F7555002E29E1 /* SceneDelegate.swift in Sources */,
				7D8E915D2A3190820092DB61 /* ModelHelper.swift in Sources */,
				7D4909972A20CC4B0092E185 /* AddCategoryViewController.swift in Sources */,
			);
			runOnlyForDeploymentPostprocessing = 0;
		};
/* End PBXSourcesBuildPhase section */

/* Begin PBXTargetDependency section */
		7D550ECB2A43186000A597EC /* PBXTargetDependency */ = {
			isa = PBXTargetDependency;
			target = 7DE14EAB2A1F7555002E29E1 /* expenseManager */;
			targetProxy = 7D550ECA2A43186000A597EC /* PBXContainerItemProxy */;
		};
		7D550ED82A4318BB00A597EC /* PBXTargetDependency */ = {
			isa = PBXTargetDependency;
			target = 7DE14EAB2A1F7555002E29E1 /* expenseManager */;
			targetProxy = 7D550ED72A4318BB00A597EC /* PBXContainerItemProxy */;
		};
/* End PBXTargetDependency section */

/* Begin PBXVariantGroup section */
		7DE14EBD2A1F7556002E29E1 /* LaunchScreen.storyboard */ = {
			isa = PBXVariantGroup;
			children = (
				7DE14EBE2A1F7556002E29E1 /* Base */,
			);
			name = LaunchScreen.storyboard;
			sourceTree = "<group>";
		};
/* End PBXVariantGroup section */

/* Begin XCBuildConfiguration section */
		7D550ECC2A43186000A597EC /* Debug */ = {
			isa = XCBuildConfiguration;
			buildSettings = {
				CODE_SIGN_STYLE = Automatic;
				CURRENT_PROJECT_VERSION = 1;
				GENERATE_INFOPLIST_FILE = YES;
				MARKETING_VERSION = 1.0;
				PRODUCT_BUNDLE_IDENTIFIER = com.nikhil.expenseManagerUITests;
				PRODUCT_NAME = "$(TARGET_NAME)";
				SWIFT_EMIT_LOC_STRINGS = NO;
				SWIFT_VERSION = 5.0;
				TARGETED_DEVICE_FAMILY = "1,2";
				TEST_TARGET_NAME = expenseManager;
			};
			name = Debug;
		};
		7D550ECD2A43186000A597EC /* Release */ = {
			isa = XCBuildConfiguration;
			buildSettings = {
				CODE_SIGN_STYLE = Automatic;
				CURRENT_PROJECT_VERSION = 1;
				GENERATE_INFOPLIST_FILE = YES;
				MARKETING_VERSION = 1.0;
				PRODUCT_BUNDLE_IDENTIFIER = com.nikhil.expenseManagerUITests;
				PRODUCT_NAME = "$(TARGET_NAME)";
				SWIFT_EMIT_LOC_STRINGS = NO;
				SWIFT_VERSION = 5.0;
				TARGETED_DEVICE_FAMILY = "1,2";
				TEST_TARGET_NAME = expenseManager;
			};
			name = Release;
		};
		7D550EDA2A4318BB00A597EC /* Debug */ = {
			isa = XCBuildConfiguration;
			buildSettings = {
				BUNDLE_LOADER = "$(TEST_HOST)";
				CODE_SIGN_STYLE = Automatic;
				CURRENT_PROJECT_VERSION = 1;
				GENERATE_INFOPLIST_FILE = YES;
				MARKETING_VERSION = 1.0;
				OTHER_LDFLAGS = "-ObjC";
				PRODUCT_BUNDLE_IDENTIFIER = com.nikhil.expenseManagerUnitTests;
				PRODUCT_NAME = "$(TARGET_NAME)";
				SWIFT_EMIT_LOC_STRINGS = NO;
				SWIFT_VERSION = 5.0;
				TARGETED_DEVICE_FAMILY = "1,2";
				TEST_HOST = "$(BUILT_PRODUCTS_DIR)/expenseManager.app/$(BUNDLE_EXECUTABLE_FOLDER_PATH)/expenseManager";
			};
			name = Debug;
		};
		7D550EDB2A4318BB00A597EC /* Release */ = {
			isa = XCBuildConfiguration;
			buildSettings = {
				BUNDLE_LOADER = "$(TEST_HOST)";
				CODE_SIGN_STYLE = Automatic;
				CURRENT_PROJECT_VERSION = 1;
				GENERATE_INFOPLIST_FILE = YES;
				MARKETING_VERSION = 1.0;
				OTHER_LDFLAGS = "-ObjC";
				PRODUCT_BUNDLE_IDENTIFIER = com.nikhil.expenseManagerUnitTests;
				PRODUCT_NAME = "$(TARGET_NAME)";
				SWIFT_EMIT_LOC_STRINGS = NO;
				SWIFT_VERSION = 5.0;
				TARGETED_DEVICE_FAMILY = "1,2";
				TEST_HOST = "$(BUILT_PRODUCTS_DIR)/expenseManager.app/$(BUNDLE_EXECUTABLE_FOLDER_PATH)/expenseManager";
			};
			name = Release;
		};
		7DE14EC12A1F7556002E29E1 /* Debug */ = {
			isa = XCBuildConfiguration;
			buildSettings = {
				ALWAYS_SEARCH_USER_PATHS = NO;
				CLANG_ANALYZER_NONNULL = YES;
				CLANG_ANALYZER_NUMBER_OBJECT_CONVERSION = YES_AGGRESSIVE;
				CLANG_CXX_LANGUAGE_STANDARD = "gnu++20";
				CLANG_ENABLE_MODULES = YES;
				CLANG_ENABLE_OBJC_ARC = YES;
				CLANG_ENABLE_OBJC_WEAK = YES;
				CLANG_WARN_BLOCK_CAPTURE_AUTORELEASING = YES;
				CLANG_WARN_BOOL_CONVERSION = YES;
				CLANG_WARN_COMMA = YES;
				CLANG_WARN_CONSTANT_CONVERSION = YES;
				CLANG_WARN_DEPRECATED_OBJC_IMPLEMENTATIONS = YES;
				CLANG_WARN_DIRECT_OBJC_ISA_USAGE = YES_ERROR;
				CLANG_WARN_DOCUMENTATION_COMMENTS = YES;
				CLANG_WARN_EMPTY_BODY = YES;
				CLANG_WARN_ENUM_CONVERSION = YES;
				CLANG_WARN_INFINITE_RECURSION = YES;
				CLANG_WARN_INT_CONVERSION = YES;
				CLANG_WARN_NON_LITERAL_NULL_CONVERSION = YES;
				CLANG_WARN_OBJC_IMPLICIT_RETAIN_SELF = YES;
				CLANG_WARN_OBJC_LITERAL_CONVERSION = YES;
				CLANG_WARN_OBJC_ROOT_CLASS = YES_ERROR;
				CLANG_WARN_QUOTED_INCLUDE_IN_FRAMEWORK_HEADER = YES;
				CLANG_WARN_RANGE_LOOP_ANALYSIS = YES;
				CLANG_WARN_STRICT_PROTOTYPES = YES;
				CLANG_WARN_SUSPICIOUS_MOVE = YES;
				CLANG_WARN_UNGUARDED_AVAILABILITY = YES_AGGRESSIVE;
				CLANG_WARN_UNREACHABLE_CODE = YES;
				CLANG_WARN__DUPLICATE_METHOD_MATCH = YES;
				COPY_PHASE_STRIP = NO;
				DEBUG_INFORMATION_FORMAT = dwarf;
				ENABLE_STRICT_OBJC_MSGSEND = YES;
				ENABLE_TESTABILITY = YES;
				GCC_C_LANGUAGE_STANDARD = gnu11;
				GCC_DYNAMIC_NO_PIC = NO;
				GCC_NO_COMMON_BLOCKS = YES;
				GCC_OPTIMIZATION_LEVEL = 0;
				GCC_PREPROCESSOR_DEFINITIONS = (
					"DEBUG=1",
					"$(inherited)",
				);
				GCC_WARN_64_TO_32_BIT_CONVERSION = YES;
				GCC_WARN_ABOUT_RETURN_TYPE = YES_ERROR;
				GCC_WARN_UNDECLARED_SELECTOR = YES;
				GCC_WARN_UNINITIALIZED_AUTOS = YES_AGGRESSIVE;
				GCC_WARN_UNUSED_FUNCTION = YES;
				GCC_WARN_UNUSED_VARIABLE = YES;
				IPHONEOS_DEPLOYMENT_TARGET = 16.4;
				MTL_ENABLE_DEBUG_INFO = INCLUDE_SOURCE;
				MTL_FAST_MATH = YES;
				ONLY_ACTIVE_ARCH = YES;
				SDKROOT = iphoneos;
				SWIFT_ACTIVE_COMPILATION_CONDITIONS = DEBUG;
				SWIFT_OPTIMIZATION_LEVEL = "-Onone";
			};
			name = Debug;
		};
		7DE14EC22A1F7556002E29E1 /* Release */ = {
			isa = XCBuildConfiguration;
			buildSettings = {
				ALWAYS_SEARCH_USER_PATHS = NO;
				CLANG_ANALYZER_NONNULL = YES;
				CLANG_ANALYZER_NUMBER_OBJECT_CONVERSION = YES_AGGRESSIVE;
				CLANG_CXX_LANGUAGE_STANDARD = "gnu++20";
				CLANG_ENABLE_MODULES = YES;
				CLANG_ENABLE_OBJC_ARC = YES;
				CLANG_ENABLE_OBJC_WEAK = YES;
				CLANG_WARN_BLOCK_CAPTURE_AUTORELEASING = YES;
				CLANG_WARN_BOOL_CONVERSION = YES;
				CLANG_WARN_COMMA = YES;
				CLANG_WARN_CONSTANT_CONVERSION = YES;
				CLANG_WARN_DEPRECATED_OBJC_IMPLEMENTATIONS = YES;
				CLANG_WARN_DIRECT_OBJC_ISA_USAGE = YES_ERROR;
				CLANG_WARN_DOCUMENTATION_COMMENTS = YES;
				CLANG_WARN_EMPTY_BODY = YES;
				CLANG_WARN_ENUM_CONVERSION = YES;
				CLANG_WARN_INFINITE_RECURSION = YES;
				CLANG_WARN_INT_CONVERSION = YES;
				CLANG_WARN_NON_LITERAL_NULL_CONVERSION = YES;
				CLANG_WARN_OBJC_IMPLICIT_RETAIN_SELF = YES;
				CLANG_WARN_OBJC_LITERAL_CONVERSION = YES;
				CLANG_WARN_OBJC_ROOT_CLASS = YES_ERROR;
				CLANG_WARN_QUOTED_INCLUDE_IN_FRAMEWORK_HEADER = YES;
				CLANG_WARN_RANGE_LOOP_ANALYSIS = YES;
				CLANG_WARN_STRICT_PROTOTYPES = YES;
				CLANG_WARN_SUSPICIOUS_MOVE = YES;
				CLANG_WARN_UNGUARDED_AVAILABILITY = YES_AGGRESSIVE;
				CLANG_WARN_UNREACHABLE_CODE = YES;
				CLANG_WARN__DUPLICATE_METHOD_MATCH = YES;
				COPY_PHASE_STRIP = NO;
				DEBUG_INFORMATION_FORMAT = "dwarf-with-dsym";
				ENABLE_NS_ASSERTIONS = NO;
				ENABLE_STRICT_OBJC_MSGSEND = YES;
				GCC_C_LANGUAGE_STANDARD = gnu11;
				GCC_NO_COMMON_BLOCKS = YES;
				GCC_WARN_64_TO_32_BIT_CONVERSION = YES;
				GCC_WARN_ABOUT_RETURN_TYPE = YES_ERROR;
				GCC_WARN_UNDECLARED_SELECTOR = YES;
				GCC_WARN_UNINITIALIZED_AUTOS = YES_AGGRESSIVE;
				GCC_WARN_UNUSED_FUNCTION = YES;
				GCC_WARN_UNUSED_VARIABLE = YES;
				IPHONEOS_DEPLOYMENT_TARGET = 16.4;
				MTL_ENABLE_DEBUG_INFO = NO;
				MTL_FAST_MATH = YES;
				SDKROOT = iphoneos;
				SWIFT_COMPILATION_MODE = wholemodule;
				SWIFT_OPTIMIZATION_LEVEL = "-O";
				VALIDATE_PRODUCT = YES;
			};
			name = Release;
		};
		7DE14EC42A1F7556002E29E1 /* Debug */ = {
			isa = XCBuildConfiguration;
			baseConfigurationReference = C6044E47986FAEAC6127F2AC /* Pods-expenseManager.debug.xcconfig */;
			buildSettings = {
				ASSETCATALOG_COMPILER_APPICON_NAME = AppIcon;
				ASSETCATALOG_COMPILER_GLOBAL_ACCENT_COLOR_NAME = AccentColor;
				CODE_SIGN_STYLE = Automatic;
				CURRENT_PROJECT_VERSION = 1;
				GENERATE_INFOPLIST_FILE = YES;
				INFOPLIST_FILE = expenseManager/Info.plist;
				INFOPLIST_KEY_UIApplicationSupportsIndirectInputEvents = YES;
				INFOPLIST_KEY_UILaunchStoryboardName = LaunchScreen.storyboard;
				INFOPLIST_KEY_UIMainStoryboardFile = Main;
				INFOPLIST_KEY_UISupportedInterfaceOrientations_iPad = "UIInterfaceOrientationPortrait UIInterfaceOrientationPortraitUpsideDown UIInterfaceOrientationLandscapeLeft UIInterfaceOrientationLandscapeRight";
				INFOPLIST_KEY_UISupportedInterfaceOrientations_iPhone = "UIInterfaceOrientationPortrait UIInterfaceOrientationLandscapeLeft UIInterfaceOrientationLandscapeRight";
				LD_RUNPATH_SEARCH_PATHS = (
					"$(inherited)",
					"@executable_path/Frameworks",
				);
				MARKETING_VERSION = 1.0;
				OTHER_LDFLAGS = (
					"$(inherited)",
					"-l\"c++\"",
					"-l\"icucore\"",
					"-l\"z\"",
					"-framework",
					"\"Accelerate\"",
					"-framework",
					"\"CFNetwork\"",
					"-framework",
					"\"FBLPromises\"",
					"-framework",
					"\"FirebaseAppCheckInterop\"",
					"-framework",
					"\"FirebaseAuth\"",
					"-framework",
					"\"FirebaseAuthInterop\"",
					"-framework",
					"\"FirebaseCore\"",
					"-framework",
					"\"FirebaseCoreExtension\"",
					"-framework",
					"\"FirebaseCoreInternal\"",
					"-framework",
					"\"FirebaseDatabase\"",
					"-framework",
					"\"FirebaseFirestore\"",
					"-framework",
					"\"FirebaseStorage\"",
					"-framework",
					"\"Foundation\"",
					"-framework",
					"\"GTMSessionFetcher\"",
					"-framework",
					"\"GoogleUtilities\"",
					"-framework",
					"\"ImageIO\"",
					"-framework",
					"\"Kingfisher\"",
					"-framework",
					"\"SDWebImage\"",
					"-framework",
					"\"SafariServices\"",
					"-framework",
					"\"Security\"",
					"-framework",
					"\"SystemConfiguration\"",
					"-framework",
					"\"UIKit\"",
					"-framework",
					"\"absl\"",
					"-framework",
					"\"grpc\"",
					"-framework",
					"\"grpcpp\"",
					"-framework",
					"\"leveldb\"",
					"-framework",
					"\"nanopb\"",
					"-framework",
					"\"openssl_grpc\"",
					"-weak_framework",
					"\"Combine\"",
					"-weak_framework",
					"\"SwiftUI\"",
					"-ObjC",
				);
				PRODUCT_BUNDLE_IDENTIFIER = com.nikhil.expenseManager;
				PRODUCT_NAME = "$(TARGET_NAME)";
				SWIFT_EMIT_LOC_STRINGS = YES;
				SWIFT_VERSION = 5.0;
				TARGETED_DEVICE_FAMILY = "1,2";
			};
			name = Debug;
		};
		7DE14EC52A1F7556002E29E1 /* Release */ = {
			isa = XCBuildConfiguration;
			baseConfigurationReference = BA68F20D0C11494352D11A75 /* Pods-expenseManager.release.xcconfig */;
			buildSettings = {
				ASSETCATALOG_COMPILER_APPICON_NAME = AppIcon;
				ASSETCATALOG_COMPILER_GLOBAL_ACCENT_COLOR_NAME = AccentColor;
				CODE_SIGN_STYLE = Automatic;
				CURRENT_PROJECT_VERSION = 1;
				GENERATE_INFOPLIST_FILE = YES;
				INFOPLIST_FILE = expenseManager/Info.plist;
				INFOPLIST_KEY_UIApplicationSupportsIndirectInputEvents = YES;
				INFOPLIST_KEY_UILaunchStoryboardName = LaunchScreen.storyboard;
				INFOPLIST_KEY_UIMainStoryboardFile = Main;
				INFOPLIST_KEY_UISupportedInterfaceOrientations_iPad = "UIInterfaceOrientationPortrait UIInterfaceOrientationPortraitUpsideDown UIInterfaceOrientationLandscapeLeft UIInterfaceOrientationLandscapeRight";
				INFOPLIST_KEY_UISupportedInterfaceOrientations_iPhone = "UIInterfaceOrientationPortrait UIInterfaceOrientationLandscapeLeft UIInterfaceOrientationLandscapeRight";
				LD_RUNPATH_SEARCH_PATHS = (
					"$(inherited)",
					"@executable_path/Frameworks",
				);
				MARKETING_VERSION = 1.0;
				OTHER_LDFLAGS = (
					"$(inherited)",
					"-l\"c++\"",
					"-l\"icucore\"",
					"-l\"z\"",
					"-framework",
					"\"Accelerate\"",
					"-framework",
					"\"CFNetwork\"",
					"-framework",
					"\"FBLPromises\"",
					"-framework",
					"\"FirebaseAppCheckInterop\"",
					"-framework",
					"\"FirebaseAuth\"",
					"-framework",
					"\"FirebaseAuthInterop\"",
					"-framework",
					"\"FirebaseCore\"",
					"-framework",
					"\"FirebaseCoreExtension\"",
					"-framework",
					"\"FirebaseCoreInternal\"",
					"-framework",
					"\"FirebaseDatabase\"",
					"-framework",
					"\"FirebaseFirestore\"",
					"-framework",
					"\"FirebaseStorage\"",
					"-framework",
					"\"Foundation\"",
					"-framework",
					"\"GTMSessionFetcher\"",
					"-framework",
					"\"GoogleUtilities\"",
					"-framework",
					"\"ImageIO\"",
					"-framework",
					"\"Kingfisher\"",
					"-framework",
					"\"SDWebImage\"",
					"-framework",
					"\"SafariServices\"",
					"-framework",
					"\"Security\"",
					"-framework",
					"\"SystemConfiguration\"",
					"-framework",
					"\"UIKit\"",
					"-framework",
					"\"absl\"",
					"-framework",
					"\"grpc\"",
					"-framework",
					"\"grpcpp\"",
					"-framework",
					"\"leveldb\"",
					"-framework",
					"\"nanopb\"",
					"-framework",
					"\"openssl_grpc\"",
					"-weak_framework",
					"\"Combine\"",
					"-weak_framework",
					"\"SwiftUI\"",
					"-ObjC",
				);
				PRODUCT_BUNDLE_IDENTIFIER = com.nikhil.expenseManager;
				PRODUCT_NAME = "$(TARGET_NAME)";
				SWIFT_EMIT_LOC_STRINGS = YES;
				SWIFT_VERSION = 5.0;
				TARGETED_DEVICE_FAMILY = "1,2";
			};
			name = Release;
		};
/* End XCBuildConfiguration section */

/* Begin XCConfigurationList section */
		7D550ECE2A43186000A597EC /* Build configuration list for PBXNativeTarget "expenseManagerUITests" */ = {
			isa = XCConfigurationList;
			buildConfigurations = (
				7D550ECC2A43186000A597EC /* Debug */,
				7D550ECD2A43186000A597EC /* Release */,
			);
			defaultConfigurationIsVisible = 0;
			defaultConfigurationName = Release;
		};
		7D550ED92A4318BB00A597EC /* Build configuration list for PBXNativeTarget "expenseManagerUnitTests" */ = {
			isa = XCConfigurationList;
			buildConfigurations = (
				7D550EDA2A4318BB00A597EC /* Debug */,
				7D550EDB2A4318BB00A597EC /* Release */,
			);
			defaultConfigurationIsVisible = 0;
			defaultConfigurationName = Release;
		};
		7DE14EA72A1F7555002E29E1 /* Build configuration list for PBXProject "expenseManager" */ = {
			isa = XCConfigurationList;
			buildConfigurations = (
				7DE14EC12A1F7556002E29E1 /* Debug */,
				7DE14EC22A1F7556002E29E1 /* Release */,
			);
			defaultConfigurationIsVisible = 0;
			defaultConfigurationName = Release;
		};
		7DE14EC32A1F7556002E29E1 /* Build configuration list for PBXNativeTarget "expenseManager" */ = {
			isa = XCConfigurationList;
			buildConfigurations = (
				7DE14EC42A1F7556002E29E1 /* Debug */,
				7DE14EC52A1F7556002E29E1 /* Release */,
			);
			defaultConfigurationIsVisible = 0;
			defaultConfigurationName = Release;
		};
/* End XCConfigurationList section */

/* Begin XCVersionGroup section */
		7DF7DDA12A2DBCE300A90FBD /* expenseManager.xcdatamodeld */ = {
			isa = XCVersionGroup;
			children = (
				7DF7DDA22A2DBCE300A90FBD /* expenseManager.xcdatamodel */,
			);
			currentVersion = 7DF7DDA22A2DBCE300A90FBD /* expenseManager.xcdatamodel */;
			path = expenseManager.xcdatamodeld;
			sourceTree = "<group>";
			versionGroupType = wrapper.xcdatamodel;
		};
/* End XCVersionGroup section */
	};
	rootObject = 7DE14EA42A1F7555002E29E1 /* Project object */;
}
